
Microsoft Visual Studio Solution File, Format Version 12.00
# Visual Studio Version 17
VisualStudioVersion = 17.0.31903.59
MinimumVisualStudioVersion = 10.0.40219.1
Project("{FAE04EC0-301F-11D3-BF4B-00C04F79EFBC}") = "GenericControllers", "GenericControllers.csproj", "{FEE5DDFC-984B-4DE8-8FDB-D72CA2A42A93}"
EndProject
Global
	GlobalSection(SolutionConfigurationPlatforms) = preSolution
		Debug|Any CPU = Debug|Any CPU
		Release|Any CPU = Release|Any CPU
	EndGlobalSection
	GlobalSection(ProjectConfigurationPlatforms) = postSolution
		{FEE5DDFC-984B-4DE8-8FDB-D72CA2A42A93}.Debug|Any CPU.ActiveCfg = Debug|Any CPU
		{FEE5DDFC-984B-4DE8-8FDB-D72CA2A42A93}.Debug|Any CPU.Build.0 = Debug|Any CPU
		{FEE5DDFC-984B-4DE8-8FDB-D72CA2A42A93}.Release|Any CPU.ActiveCfg = Release|Any CPU
		{FEE5DDFC-984B-4DE8-8FDB-D72CA2A42A93}.Release|Any CPU.Build.0 = Release|Any CPU
	EndGlobalSection
	GlobalSection(SolutionProperties) = preSolution
		HideSolutionNode = FALSE
	EndGlobalSection
	GlobalSection(ExtensibilityGlobals) = postSolution
		SolutionGuid = {B37486C6-FC1F-4BB5-B94A-1A5166BEB670}
	EndGlobalSection
EndGlobal
